// !$*UTF8*$!
{
	archiveVersion = 1;
	classes = {
	};
	objectVersion = 51;
	objects = {

/* Begin PBXBuildFile section */
		274EAFC2381630970AD15F85 /* Pods_DH_Video_Lite.framework in Frameworks */ = {isa = PBXBuildFile; fileRef = 2B01F28A52CF3D51550FE10D /* Pods_DH_Video_Lite.framework */; };
		BF03670C26DD015E005FB17F /* DescriptionCell.xib in Resources */ = {isa = PBXBuildFile; fileRef = BF03670A26DD015E005FB17F /* DescriptionCell.xib */; };
		BF03670D26DD015E005FB17F /* DescriptionCell.swift in Sources */ = {isa = PBXBuildFile; fileRef = BF03670B26DD015E005FB17F /* DescriptionCell.swift */; };
		BF03671026DD0306005FB17F /* TitleCell.swift in Sources */ = {isa = PBXBuildFile; fileRef = BF03670E26DD0306005FB17F /* TitleCell.swift */; };
		BF03671126DD0306005FB17F /* TitleCell.xib in Resources */ = {isa = PBXBuildFile; fileRef = BF03670F26DD0306005FB17F /* TitleCell.xib */; };
		BF03671526DD397D005FB17F /* DateDownloadCell.swift in Sources */ = {isa = PBXBuildFile; fileRef = BF03671426DD397D005FB17F /* DateDownloadCell.swift */; };
		BF0E499926F24D2C00B7A2CA /* VideosAPI.swift in Sources */ = {isa = PBXBuildFile; fileRef = BF0E499826F24D2C00B7A2CA /* VideosAPI.swift */; };
		BF0E499B26F24D3F00B7A2CA /* BaseService.swift in Sources */ = {isa = PBXBuildFile; fileRef = BF0E499A26F24D3F00B7A2CA /* BaseService.swift */; };
		BF0E499D26F268D200B7A2CA /* NetworkManager.swift in Sources */ = {isa = PBXBuildFile; fileRef = BF0E499C26F268D200B7A2CA /* NetworkManager.swift */; };
		BF22883926F68BC1002DAFE3 /* NavController.swift in Sources */ = {isa = PBXBuildFile; fileRef = BF22883826F68BC1002DAFE3 /* NavController.swift */; };
		BF22883D26F68F59002DAFE3 /* Theme.swift in Sources */ = {isa = PBXBuildFile; fileRef = BF22883C26F68F59002DAFE3 /* Theme.swift */; };
		BF22883F26F68F66002DAFE3 /* ColorPalette.swift in Sources */ = {isa = PBXBuildFile; fileRef = BF22883E26F68F66002DAFE3 /* ColorPalette.swift */; };
		BF22884126F68F71002DAFE3 /* Themeable.swift in Sources */ = {isa = PBXBuildFile; fileRef = BF22884026F68F71002DAFE3 /* Themeable.swift */; };
		BF22884326F68F81002DAFE3 /* ThemeManager.swift in Sources */ = {isa = PBXBuildFile; fileRef = BF22884226F68F81002DAFE3 /* ThemeManager.swift */; };
		BF449F6B26DE4DFE0015AA56 /* DownloadPresentationVC.swift in Sources */ = {isa = PBXBuildFile; fileRef = BF449F6A26DE4DFE0015AA56 /* DownloadPresentationVC.swift */; };
		BF449F6D26DE4E420015AA56 /* OverlayView.xib in Resources */ = {isa = PBXBuildFile; fileRef = BF449F6C26DE4E420015AA56 /* OverlayView.xib */; };
		BF449F6F26DE4F4C0015AA56 /* OverlayView.swift in Sources */ = {isa = PBXBuildFile; fileRef = BF449F6E26DE4F4C0015AA56 /* OverlayView.swift */; };
		BF6C784126D7A8E400A6413F /* Constants.swift in Sources */ = {isa = PBXBuildFile; fileRef = BF6C784026D7A8E400A6413F /* Constants.swift */; };
		BF6F3F4B26D5066700574CC8 /* AppDelegate.swift in Sources */ = {isa = PBXBuildFile; fileRef = BF6F3F4A26D5066700574CC8 /* AppDelegate.swift */; };
		BF6F3F4D26D5066700574CC8 /* SceneDelegate.swift in Sources */ = {isa = PBXBuildFile; fileRef = BF6F3F4C26D5066700574CC8 /* SceneDelegate.swift */; };
		BF6F3F5226D5066700574CC8 /* Main.storyboard in Resources */ = {isa = PBXBuildFile; fileRef = BF6F3F5026D5066700574CC8 /* Main.storyboard */; };
		BF6F3F5426D5066900574CC8 /* Assets.xcassets in Resources */ = {isa = PBXBuildFile; fileRef = BF6F3F5326D5066900574CC8 /* Assets.xcassets */; };
		BF6F3F5726D5066900574CC8 /* LaunchScreen.storyboard in Resources */ = {isa = PBXBuildFile; fileRef = BF6F3F5526D5066900574CC8 /* LaunchScreen.storyboard */; };
		BF6F3F6426D5081800574CC8 /* VideoListVC.swift in Sources */ = {isa = PBXBuildFile; fileRef = BF6F3F6326D5081800574CC8 /* VideoListVC.swift */; };
		BF6F3F6626D50A2F00574CC8 /* UIView+Ext.swift in Sources */ = {isa = PBXBuildFile; fileRef = BF6F3F6526D50A2F00574CC8 /* UIView+Ext.swift */; };
		BF6F3F6826D50F4900574CC8 /* VideoCell.swift in Sources */ = {isa = PBXBuildFile; fileRef = BF6F3F6726D50F4900574CC8 /* VideoCell.swift */; };
		BF6F3F6A26D5193C00574CC8 /* Video.swift in Sources */ = {isa = PBXBuildFile; fileRef = BF6F3F6926D5193C00574CC8 /* Video.swift */; };
		BF8DDE8626FFC162000CC8D0 /* SettingsVC.swift in Sources */ = {isa = PBXBuildFile; fileRef = BF8DDE8526FFC161000CC8D0 /* SettingsVC.swift */; };
		BFA1D2C726DA6BB100432FBD /* VideoDetailsVC.swift in Sources */ = {isa = PBXBuildFile; fileRef = BFA1D2C626DA6BB100432FBD /* VideoDetailsVC.swift */; };
		BFE3E4A726E2AF9700E4721B /* Downloader.swift in Sources */ = {isa = PBXBuildFile; fileRef = BFE3E4A626E2AF9700E4721B /* Downloader.swift */; };
		BFF17BB426DC41F500B274B1 /* BasicVideoPlayer.swift in Sources */ = {isa = PBXBuildFile; fileRef = BFF17BB326DC41F500B274B1 /* BasicVideoPlayer.swift */; };
		BFF5483826D69742004E1723 /* VideoListViewModel.swift in Sources */ = {isa = PBXBuildFile; fileRef = BFF5483726D69742004E1723 /* VideoListViewModel.swift */; };
/* End PBXBuildFile section */

/* Begin PBXFileReference section */
		2B01F28A52CF3D51550FE10D /* Pods_DH_Video_Lite.framework */ = {isa = PBXFileReference; explicitFileType = wrapper.framework; includeInIndex = 0; path = Pods_DH_Video_Lite.framework; sourceTree = BUILT_PRODUCTS_DIR; };
		31D5BFF460262283E9819387 /* Pods-DH Video Lite.release.xcconfig */ = {isa = PBXFileReference; includeInIndex = 1; lastKnownFileType = text.xcconfig; name = "Pods-DH Video Lite.release.xcconfig"; path = "Target Support Files/Pods-DH Video Lite/Pods-DH Video Lite.release.xcconfig"; sourceTree = "<group>"; };
		5C9C281DA87CDBB18818956F /* Pods-DH Video Lite.debug.xcconfig */ = {isa = PBXFileReference; includeInIndex = 1; lastKnownFileType = text.xcconfig; name = "Pods-DH Video Lite.debug.xcconfig"; path = "Target Support Files/Pods-DH Video Lite/Pods-DH Video Lite.debug.xcconfig"; sourceTree = "<group>"; };
		BF03670A26DD015E005FB17F /* DescriptionCell.xib */ = {isa = PBXFileReference; fileEncoding = 4; lastKnownFileType = file.xib; path = DescriptionCell.xib; sourceTree = "<group>"; };
		BF03670B26DD015E005FB17F /* DescriptionCell.swift */ = {isa = PBXFileReference; fileEncoding = 4; lastKnownFileType = sourcecode.swift; path = DescriptionCell.swift; sourceTree = "<group>"; };
		BF03670E26DD0306005FB17F /* TitleCell.swift */ = {isa = PBXFileReference; lastKnownFileType = sourcecode.swift; path = TitleCell.swift; sourceTree = "<group>"; };
		BF03670F26DD0306005FB17F /* TitleCell.xib */ = {isa = PBXFileReference; lastKnownFileType = file.xib; path = TitleCell.xib; sourceTree = "<group>"; };
		BF03671426DD397D005FB17F /* DateDownloadCell.swift */ = {isa = PBXFileReference; lastKnownFileType = sourcecode.swift; path = DateDownloadCell.swift; sourceTree = "<group>"; };
		BF0E499826F24D2C00B7A2CA /* VideosAPI.swift */ = {isa = PBXFileReference; lastKnownFileType = sourcecode.swift; path = VideosAPI.swift; sourceTree = "<group>"; };
		BF0E499A26F24D3F00B7A2CA /* BaseService.swift */ = {isa = PBXFileReference; lastKnownFileType = sourcecode.swift; path = BaseService.swift; sourceTree = "<group>"; };
		BF0E499C26F268D200B7A2CA /* NetworkManager.swift */ = {isa = PBXFileReference; lastKnownFileType = sourcecode.swift; path = NetworkManager.swift; sourceTree = "<group>"; };
		BF22883826F68BC1002DAFE3 /* NavController.swift */ = {isa = PBXFileReference; lastKnownFileType = sourcecode.swift; path = NavController.swift; sourceTree = "<group>"; };
		BF22883C26F68F59002DAFE3 /* Theme.swift */ = {isa = PBXFileReference; lastKnownFileType = sourcecode.swift; path = Theme.swift; sourceTree = "<group>"; };
		BF22883E26F68F66002DAFE3 /* ColorPalette.swift */ = {isa = PBXFileReference; lastKnownFileType = sourcecode.swift; path = ColorPalette.swift; sourceTree = "<group>"; };
		BF22884026F68F71002DAFE3 /* Themeable.swift */ = {isa = PBXFileReference; lastKnownFileType = sourcecode.swift; path = Themeable.swift; sourceTree = "<group>"; };
		BF22884226F68F81002DAFE3 /* ThemeManager.swift */ = {isa = PBXFileReference; lastKnownFileType = sourcecode.swift; path = ThemeManager.swift; sourceTree = "<group>"; };
		BF449F6A26DE4DFE0015AA56 /* DownloadPresentationVC.swift */ = {isa = PBXFileReference; lastKnownFileType = sourcecode.swift; path = DownloadPresentationVC.swift; sourceTree = "<group>"; };
		BF449F6C26DE4E420015AA56 /* OverlayView.xib */ = {isa = PBXFileReference; lastKnownFileType = file.xib; path = OverlayView.xib; sourceTree = "<group>"; };
		BF449F6E26DE4F4C0015AA56 /* OverlayView.swift */ = {isa = PBXFileReference; lastKnownFileType = sourcecode.swift; path = OverlayView.swift; sourceTree = "<group>"; };
		BF6C784026D7A8E400A6413F /* Constants.swift */ = {isa = PBXFileReference; lastKnownFileType = sourcecode.swift; path = Constants.swift; sourceTree = "<group>"; };
		BF6F3F4726D5066700574CC8 /* DH Video Lite.app */ = {isa = PBXFileReference; explicitFileType = wrapper.application; includeInIndex = 0; path = "DH Video Lite.app"; sourceTree = BUILT_PRODUCTS_DIR; };
		BF6F3F4A26D5066700574CC8 /* AppDelegate.swift */ = {isa = PBXFileReference; lastKnownFileType = sourcecode.swift; path = AppDelegate.swift; sourceTree = "<group>"; };
		BF6F3F4C26D5066700574CC8 /* SceneDelegate.swift */ = {isa = PBXFileReference; lastKnownFileType = sourcecode.swift; path = SceneDelegate.swift; sourceTree = "<group>"; };
		BF6F3F5126D5066700574CC8 /* Base */ = {isa = PBXFileReference; lastKnownFileType = file.storyboard; name = Base; path = Base.lproj/Main.storyboard; sourceTree = "<group>"; };
		BF6F3F5326D5066900574CC8 /* Assets.xcassets */ = {isa = PBXFileReference; lastKnownFileType = folder.assetcatalog; path = Assets.xcassets; sourceTree = "<group>"; };
		BF6F3F5626D5066900574CC8 /* Base */ = {isa = PBXFileReference; lastKnownFileType = file.storyboard; name = Base; path = Base.lproj/LaunchScreen.storyboard; sourceTree = "<group>"; };
		BF6F3F5826D5066900574CC8 /* Info.plist */ = {isa = PBXFileReference; lastKnownFileType = text.plist.xml; path = Info.plist; sourceTree = "<group>"; };
		BF6F3F6326D5081800574CC8 /* VideoListVC.swift */ = {isa = PBXFileReference; lastKnownFileType = sourcecode.swift; path = VideoListVC.swift; sourceTree = "<group>"; };
		BF6F3F6526D50A2F00574CC8 /* UIView+Ext.swift */ = {isa = PBXFileReference; lastKnownFileType = sourcecode.swift; path = "UIView+Ext.swift"; sourceTree = "<group>"; };
		BF6F3F6726D50F4900574CC8 /* VideoCell.swift */ = {isa = PBXFileReference; lastKnownFileType = sourcecode.swift; path = VideoCell.swift; sourceTree = "<group>"; };
		BF6F3F6926D5193C00574CC8 /* Video.swift */ = {isa = PBXFileReference; lastKnownFileType = sourcecode.swift; path = Video.swift; sourceTree = "<group>"; };
		BF72FE0826E16AE5004FD5A8 /* README.md */ = {isa = PBXFileReference; lastKnownFileType = net.daringfireball.markdown; path = README.md; sourceTree = "<group>"; };
		BF8DDE8526FFC161000CC8D0 /* SettingsVC.swift */ = {isa = PBXFileReference; lastKnownFileType = sourcecode.swift; path = SettingsVC.swift; sourceTree = "<group>"; };
		BFA1D2C626DA6BB100432FBD /* VideoDetailsVC.swift */ = {isa = PBXFileReference; lastKnownFileType = sourcecode.swift; path = VideoDetailsVC.swift; sourceTree = "<group>"; };
		BFE3E4A626E2AF9700E4721B /* Downloader.swift */ = {isa = PBXFileReference; lastKnownFileType = sourcecode.swift; path = Downloader.swift; sourceTree = "<group>"; };
		BFF17BB326DC41F500B274B1 /* BasicVideoPlayer.swift */ = {isa = PBXFileReference; lastKnownFileType = sourcecode.swift; path = BasicVideoPlayer.swift; sourceTree = "<group>"; };
		BFF5483726D69742004E1723 /* VideoListViewModel.swift */ = {isa = PBXFileReference; lastKnownFileType = sourcecode.swift; path = VideoListViewModel.swift; sourceTree = "<group>"; };
/* End PBXFileReference section */

/* Begin PBXFrameworksBuildPhase section */
		BF6F3F4426D5066700574CC8 /* Frameworks */ = {
			isa = PBXFrameworksBuildPhase;
			buildActionMask = 2147483647;
			files = (
				274EAFC2381630970AD15F85 /* Pods_DH_Video_Lite.framework in Frameworks */,
			);
			runOnlyForDeploymentPostprocessing = 0;
		};
/* End PBXFrameworksBuildPhase section */

/* Begin PBXGroup section */
		04BEF40A7A97D43A8104A654 /* Frameworks */ = {
			isa = PBXGroup;
			children = (
				2B01F28A52CF3D51550FE10D /* Pods_DH_Video_Lite.framework */,
			);
			name = Frameworks;
			sourceTree = "<group>";
		};
		8E3A937ACBD7B7658AB0EF5C /* Pods */ = {
			isa = PBXGroup;
			children = (
				5C9C281DA87CDBB18818956F /* Pods-DH Video Lite.debug.xcconfig */,
				31D5BFF460262283E9819387 /* Pods-DH Video Lite.release.xcconfig */,
			);
			path = Pods;
			sourceTree = "<group>";
		};
		BF22883726F62158002DAFE3 /* Theme */ = {
			isa = PBXGroup;
			children = (
				BF22884026F68F71002DAFE3 /* Themeable.swift */,
				BF22884226F68F81002DAFE3 /* ThemeManager.swift */,
				BF22883C26F68F59002DAFE3 /* Theme.swift */,
				BF22883E26F68F66002DAFE3 /* ColorPalette.swift */,
			);
			path = Theme;
			sourceTree = "<group>";
		};
		BF6F3F3E26D5066700574CC8 = {
			isa = PBXGroup;
			children = (
				BF72FE0826E16AE5004FD5A8 /* README.md */,
				BF6F3F4926D5066700574CC8 /* DH Video Lite */,
				BF6F3F4826D5066700574CC8 /* Products */,
				8E3A937ACBD7B7658AB0EF5C /* Pods */,
				04BEF40A7A97D43A8104A654 /* Frameworks */,
			);
			sourceTree = "<group>";
		};
		BF6F3F4826D5066700574CC8 /* Products */ = {
			isa = PBXGroup;
			children = (
				BF6F3F4726D5066700574CC8 /* DH Video Lite.app */,
			);
			name = Products;
			sourceTree = "<group>";
		};
		BF6F3F4926D5066700574CC8 /* DH Video Lite */ = {
			isa = PBXGroup;
			children = (
				BF6F3F5E26D5072E00574CC8 /* Model */,
				BF6F3F5F26D5073800574CC8 /* View */,
				BFA1D2C826DA8F9100432FBD /* Controller */,
				BF6F3F6026D5074500574CC8 /* ViewModel */,
				BF6F3F6126D5075200574CC8 /* Service */,
				BF6F3F6226D5079600574CC8 /* Helpers */,
				BF22883726F62158002DAFE3 /* Theme */,
				BF6F3F4A26D5066700574CC8 /* AppDelegate.swift */,
				BF6F3F4C26D5066700574CC8 /* SceneDelegate.swift */,
				BF6F3F5026D5066700574CC8 /* Main.storyboard */,
				BF6F3F5326D5066900574CC8 /* Assets.xcassets */,
				BF6F3F5526D5066900574CC8 /* LaunchScreen.storyboard */,
				BF6F3F5826D5066900574CC8 /* Info.plist */,
			);
			path = "DH Video Lite";
			sourceTree = "<group>";
		};
		BF6F3F5E26D5072E00574CC8 /* Model */ = {
			isa = PBXGroup;
			children = (
				BF6F3F6926D5193C00574CC8 /* Video.swift */,
			);
			path = Model;
			sourceTree = "<group>";
		};
		BF6F3F5F26D5073800574CC8 /* View */ = {
			isa = PBXGroup;
			children = (
				BF6F3F6726D50F4900574CC8 /* VideoCell.swift */,
				BF03670B26DD015E005FB17F /* DescriptionCell.swift */,
				BF03670A26DD015E005FB17F /* DescriptionCell.xib */,
				BF03670E26DD0306005FB17F /* TitleCell.swift */,
				BF03670F26DD0306005FB17F /* TitleCell.xib */,
				BF03671426DD397D005FB17F /* DateDownloadCell.swift */,
				BF449F6C26DE4E420015AA56 /* OverlayView.xib */,
				BF449F6E26DE4F4C0015AA56 /* OverlayView.swift */,
			);
			path = View;
			sourceTree = "<group>";
		};
		BF6F3F6026D5074500574CC8 /* ViewModel */ = {
			isa = PBXGroup;
			children = (
				BFF5483726D69742004E1723 /* VideoListViewModel.swift */,
			);
			path = ViewModel;
			sourceTree = "<group>";
		};
		BF6F3F6126D5075200574CC8 /* Service */ = {
			isa = PBXGroup;
			children = (
				BF0E499A26F24D3F00B7A2CA /* BaseService.swift */,
				BF0E499826F24D2C00B7A2CA /* VideosAPI.swift */,
				BF0E499C26F268D200B7A2CA /* NetworkManager.swift */,
			);
			path = Service;
			sourceTree = "<group>";
		};
		BF6F3F6226D5079600574CC8 /* Helpers */ = {
			isa = PBXGroup;
			children = (
				BF6F3F6526D50A2F00574CC8 /* UIView+Ext.swift */,
				BF6C784026D7A8E400A6413F /* Constants.swift */,
				BFF17BB326DC41F500B274B1 /* BasicVideoPlayer.swift */,
				BFE3E4A626E2AF9700E4721B /* Downloader.swift */,
			);
			path = Helpers;
			sourceTree = "<group>";
		};
		BFA1D2C826DA8F9100432FBD /* Controller */ = {
			isa = PBXGroup;
			children = (
				BFA1D2C626DA6BB100432FBD /* VideoDetailsVC.swift */,
				BF6F3F6326D5081800574CC8 /* VideoListVC.swift */,
				BF449F6A26DE4DFE0015AA56 /* DownloadPresentationVC.swift */,
				BF22883826F68BC1002DAFE3 /* NavController.swift */,
				BF8DDE8526FFC161000CC8D0 /* SettingsVC.swift */,
			);
			path = Controller;
			sourceTree = "<group>";
		};
/* End PBXGroup section */

/* Begin PBXNativeTarget section */
		BF6F3F4626D5066700574CC8 /* DH Video Lite */ = {
			isa = PBXNativeTarget;
			buildConfigurationList = BF6F3F5B26D5066900574CC8 /* Build configuration list for PBXNativeTarget "DH Video Lite" */;
			buildPhases = (
				8E0DF0D32C2D6434E00D60E6 /* [CP] Check Pods Manifest.lock */,
				BF6F3F4326D5066700574CC8 /* Sources */,
				BF6F3F4426D5066700574CC8 /* Frameworks */,
				BF6F3F4526D5066700574CC8 /* Resources */,
				572BC27E8CEC6C9DB4EFA49E /* [CP] Embed Pods Frameworks */,
			);
			buildRules = (
			);
			dependencies = (
			);
			name = "DH Video Lite";
			productName = "DH Video Lite";
			productReference = BF6F3F4726D5066700574CC8 /* DH Video Lite.app */;
			productType = "com.apple.product-type.application";
		};
/* End PBXNativeTarget section */

/* Begin PBXProject section */
		BF6F3F3F26D5066700574CC8 /* Project object */ = {
			isa = PBXProject;
			attributes = {
				LastSwiftUpdateCheck = 1250;
				LastUpgradeCheck = 1250;
				TargetAttributes = {
					BF6F3F4626D5066700574CC8 = {
						CreatedOnToolsVersion = 12.5.1;
					};
				};
			};
			buildConfigurationList = BF6F3F4226D5066700574CC8 /* Build configuration list for PBXProject "DH Video Lite" */;
			compatibilityVersion = "Xcode 9.3";
			developmentRegion = en;
			hasScannedForEncodings = 0;
			knownRegions = (
				en,
				Base,
			);
			mainGroup = BF6F3F3E26D5066700574CC8;
			productRefGroup = BF6F3F4826D5066700574CC8 /* Products */;
			projectDirPath = "";
			projectRoot = "";
			targets = (
				BF6F3F4626D5066700574CC8 /* DH Video Lite */,
			);
		};
/* End PBXProject section */

/* Begin PBXResourcesBuildPhase section */
		BF6F3F4526D5066700574CC8 /* Resources */ = {
			isa = PBXResourcesBuildPhase;
			buildActionMask = 2147483647;
			files = (
				BF03670C26DD015E005FB17F /* DescriptionCell.xib in Resources */,
				BF449F6D26DE4E420015AA56 /* OverlayView.xib in Resources */,
				BF6F3F5726D5066900574CC8 /* LaunchScreen.storyboard in Resources */,
				BF6F3F5426D5066900574CC8 /* Assets.xcassets in Resources */,
				BF6F3F5226D5066700574CC8 /* Main.storyboard in Resources */,
				BF03671126DD0306005FB17F /* TitleCell.xib in Resources */,
			);
			runOnlyForDeploymentPostprocessing = 0;
		};
/* End PBXResourcesBuildPhase section */

/* Begin PBXShellScriptBuildPhase section */
		572BC27E8CEC6C9DB4EFA49E /* [CP] Embed Pods Frameworks */ = {
			isa = PBXShellScriptBuildPhase;
			buildActionMask = 2147483647;
			files = (
			);
			inputFileListPaths = (
				"${PODS_ROOT}/Target Support Files/Pods-DH Video Lite/Pods-DH Video Lite-frameworks-${CONFIGURATION}-input-files.xcfilelist",
			);
			name = "[CP] Embed Pods Frameworks";
			outputFileListPaths = (
				"${PODS_ROOT}/Target Support Files/Pods-DH Video Lite/Pods-DH Video Lite-frameworks-${CONFIGURATION}-output-files.xcfilelist",
			);
			runOnlyForDeploymentPostprocessing = 0;
			shellPath = /bin/sh;
			shellScript = "\"${PODS_ROOT}/Target Support Files/Pods-DH Video Lite/Pods-DH Video Lite-frameworks.sh\"\n";
			showEnvVarsInLog = 0;
		};
		8E0DF0D32C2D6434E00D60E6 /* [CP] Check Pods Manifest.lock */ = {
			isa = PBXShellScriptBuildPhase;
			buildActionMask = 2147483647;
			files = (
			);
			inputFileListPaths = (
			);
			inputPaths = (
				"${PODS_PODFILE_DIR_PATH}/Podfile.lock",
				"${PODS_ROOT}/Manifest.lock",
			);
			name = "[CP] Check Pods Manifest.lock";
			outputFileListPaths = (
			);
			outputPaths = (
				"$(DERIVED_FILE_DIR)/Pods-DH Video Lite-checkManifestLockResult.txt",
			);
			runOnlyForDeploymentPostprocessing = 0;
			shellPath = /bin/sh;
			shellScript = "diff \"${PODS_PODFILE_DIR_PATH}/Podfile.lock\" \"${PODS_ROOT}/Manifest.lock\" > /dev/null\nif [ $? != 0 ] ; then\n    # print error to STDERR\n    echo \"error: The sandbox is not in sync with the Podfile.lock. Run 'pod install' or update your CocoaPods installation.\" >&2\n    exit 1\nfi\n# This output is used by Xcode 'outputs' to avoid re-running this script phase.\necho \"SUCCESS\" > \"${SCRIPT_OUTPUT_FILE_0}\"\n";
			showEnvVarsInLog = 0;
		};
/* End PBXShellScriptBuildPhase section */

/* Begin PBXSourcesBuildPhase section */
		BF6F3F4326D5066700574CC8 /* Sources */ = {
			isa = PBXSourcesBuildPhase;
			buildActionMask = 2147483647;
			files = (
				BF6F3F6A26D5193C00574CC8 /* Video.swift in Sources */,
				BF03670D26DD015E005FB17F /* DescriptionCell.swift in Sources */,
				BFA1D2C726DA6BB100432FBD /* VideoDetailsVC.swift in Sources */,
				BF03671026DD0306005FB17F /* TitleCell.swift in Sources */,
				BF22884326F68F81002DAFE3 /* ThemeManager.swift in Sources */,
				BFF5483826D69742004E1723 /* VideoListViewModel.swift in Sources */,
				BF6F3F6826D50F4900574CC8 /* VideoCell.swift in Sources */,
				BF6F3F6626D50A2F00574CC8 /* UIView+Ext.swift in Sources */,
				BF6F3F6426D5081800574CC8 /* VideoListVC.swift in Sources */,
				BF8DDE8626FFC162000CC8D0 /* SettingsVC.swift in Sources */,
				BF449F6F26DE4F4C0015AA56 /* OverlayView.swift in Sources */,
				BFE3E4A726E2AF9700E4721B /* Downloader.swift in Sources */,
				BF6F3F4B26D5066700574CC8 /* AppDelegate.swift in Sources */,
				BF0E499D26F268D200B7A2CA /* NetworkManager.swift in Sources */,
				BF0E499B26F24D3F00B7A2CA /* BaseService.swift in Sources */,
				BF6F3F4D26D5066700574CC8 /* SceneDelegate.swift in Sources */,
				BF449F6B26DE4DFE0015AA56 /* DownloadPresentationVC.swift in Sources */,
				BF22883D26F68F59002DAFE3 /* Theme.swift in Sources */,
				BF22884126F68F71002DAFE3 /* Themeable.swift in Sources */,
				BF22883926F68BC1002DAFE3 /* NavController.swift in Sources */,
				BF0E499926F24D2C00B7A2CA /* VideosAPI.swift in Sources */,
				BFF17BB426DC41F500B274B1 /* BasicVideoPlayer.swift in Sources */,
				BF6C784126D7A8E400A6413F /* Constants.swift in Sources */,
				BF03671526DD397D005FB17F /* DateDownloadCell.swift in Sources */,
				BF22883F26F68F66002DAFE3 /* ColorPalette.swift in Sources */,
			);
			runOnlyForDeploymentPostprocessing = 0;
		};
/* End PBXSourcesBuildPhase section */

/* Begin PBXVariantGroup section */
		BF6F3F5026D5066700574CC8 /* Main.storyboard */ = {
			isa = PBXVariantGroup;
			children = (
				BF6F3F5126D5066700574CC8 /* Base */,
			);
			name = Main.storyboard;
			sourceTree = "<group>";
		};
		BF6F3F5526D5066900574CC8 /* LaunchScreen.storyboard */ = {
			isa = PBXVariantGroup;
			children = (
				BF6F3F5626D5066900574CC8 /* Base */,
			);
			name = LaunchScreen.storyboard;
			sourceTree = "<group>";
		};
/* End PBXVariantGroup section */

/* Begin XCBuildConfiguration section */
		BF6F3F5926D5066900574CC8 /* Debug */ = {
			isa = XCBuildConfiguration;
			buildSettings = {
				ALWAYS_SEARCH_USER_PATHS = NO;
				CLANG_ANALYZER_NONNULL = YES;
				CLANG_ANALYZER_NUMBER_OBJECT_CONVERSION = YES_AGGRESSIVE;
				CLANG_CXX_LANGUAGE_STANDARD = "gnu++14";
				CLANG_CXX_LIBRARY = "libc++";
				CLANG_ENABLE_MODULES = YES;
				CLANG_ENABLE_OBJC_ARC = YES;
				CLANG_ENABLE_OBJC_WEAK = YES;
				CLANG_WARN_BLOCK_CAPTURE_AUTORELEASING = YES;
				CLANG_WARN_BOOL_CONVERSION = YES;
				CLANG_WARN_COMMA = YES;
				CLANG_WARN_CONSTANT_CONVERSION = YES;
				CLANG_WARN_DEPRECATED_OBJC_IMPLEMENTATIONS = YES;
				CLANG_WARN_DIRECT_OBJC_ISA_USAGE = YES_ERROR;
				CLANG_WARN_DOCUMENTATION_COMMENTS = YES;
				CLANG_WARN_EMPTY_BODY = YES;
				CLANG_WARN_ENUM_CONVERSION = YES;
				CLANG_WARN_INFINITE_RECURSION = YES;
				CLANG_WARN_INT_CONVERSION = YES;
				CLANG_WARN_NON_LITERAL_NULL_CONVERSION = YES;
				CLANG_WARN_OBJC_IMPLICIT_RETAIN_SELF = YES;
				CLANG_WARN_OBJC_LITERAL_CONVERSION = YES;
				CLANG_WARN_OBJC_ROOT_CLASS = YES_ERROR;
				CLANG_WARN_QUOTED_INCLUDE_IN_FRAMEWORK_HEADER = YES;
				CLANG_WARN_RANGE_LOOP_ANALYSIS = YES;
				CLANG_WARN_STRICT_PROTOTYPES = YES;
				CLANG_WARN_SUSPICIOUS_MOVE = YES;
				CLANG_WARN_UNGUARDED_AVAILABILITY = YES_AGGRESSIVE;
				CLANG_WARN_UNREACHABLE_CODE = YES;
				CLANG_WARN__DUPLICATE_METHOD_MATCH = YES;
				COPY_PHASE_STRIP = NO;
				DEBUG_INFORMATION_FORMAT = dwarf;
				ENABLE_STRICT_OBJC_MSGSEND = YES;
				ENABLE_TESTABILITY = YES;
				GCC_C_LANGUAGE_STANDARD = gnu11;
				GCC_DYNAMIC_NO_PIC = NO;
				GCC_NO_COMMON_BLOCKS = YES;
				GCC_OPTIMIZATION_LEVEL = 0;
				GCC_PREPROCESSOR_DEFINITIONS = (
					"DEBUG=1",
					"$(inherited)",
				);
				GCC_WARN_64_TO_32_BIT_CONVERSION = YES;
				GCC_WARN_ABOUT_RETURN_TYPE = YES_ERROR;
				GCC_WARN_UNDECLARED_SELECTOR = YES;
				GCC_WARN_UNINITIALIZED_AUTOS = YES_AGGRESSIVE;
				GCC_WARN_UNUSED_FUNCTION = YES;
				GCC_WARN_UNUSED_VARIABLE = YES;
				IPHONEOS_DEPLOYMENT_TARGET = 13.0;
				MTL_ENABLE_DEBUG_INFO = INCLUDE_SOURCE;
				MTL_FAST_MATH = YES;
				ONLY_ACTIVE_ARCH = YES;
				SDKROOT = iphoneos;
				SWIFT_ACTIVE_COMPILATION_CONDITIONS = DEBUG;
				SWIFT_OPTIMIZATION_LEVEL = "-Onone";
				TARGETED_DEVICE_FAMILY = "1,2";
			};
			name = Debug;
		};
		BF6F3F5A26D5066900574CC8 /* Release */ = {
			isa = XCBuildConfiguration;
			buildSettings = {
				ALWAYS_SEARCH_USER_PATHS = NO;
				CLANG_ANALYZER_NONNULL = YES;
				CLANG_ANALYZER_NUMBER_OBJECT_CONVERSION = YES_AGGRESSIVE;
				CLANG_CXX_LANGUAGE_STANDARD = "gnu++14";
				CLANG_CXX_LIBRARY = "libc++";
				CLANG_ENABLE_MODULES = YES;
				CLANG_ENABLE_OBJC_ARC = YES;
				CLANG_ENABLE_OBJC_WEAK = YES;
				CLANG_WARN_BLOCK_CAPTURE_AUTORELEASING = YES;
				CLANG_WARN_BOOL_CONVERSION = YES;
				CLANG_WARN_COMMA = YES;
				CLANG_WARN_CONSTANT_CONVERSION = YES;
				CLANG_WARN_DEPRECATED_OBJC_IMPLEMENTATIONS = YES;
				CLANG_WARN_DIRECT_OBJC_ISA_USAGE = YES_ERROR;
				CLANG_WARN_DOCUMENTATION_COMMENTS = YES;
				CLANG_WARN_EMPTY_BODY = YES;
				CLANG_WARN_ENUM_CONVERSION = YES;
				CLANG_WARN_INFINITE_RECURSION = YES;
				CLANG_WARN_INT_CONVERSION = YES;
				CLANG_WARN_NON_LITERAL_NULL_CONVERSION = YES;
				CLANG_WARN_OBJC_IMPLICIT_RETAIN_SELF = YES;
				CLANG_WARN_OBJC_LITERAL_CONVERSION = YES;
				CLANG_WARN_OBJC_ROOT_CLASS = YES_ERROR;
				CLANG_WARN_QUOTED_INCLUDE_IN_FRAMEWORK_HEADER = YES;
				CLANG_WARN_RANGE_LOOP_ANALYSIS = YES;
				CLANG_WARN_STRICT_PROTOTYPES = YES;
				CLANG_WARN_SUSPICIOUS_MOVE = YES;
				CLANG_WARN_UNGUARDED_AVAILABILITY = YES_AGGRESSIVE;
				CLANG_WARN_UNREACHABLE_CODE = YES;
				CLANG_WARN__DUPLICATE_METHOD_MATCH = YES;
				COPY_PHASE_STRIP = NO;
				DEBUG_INFORMATION_FORMAT = "dwarf-with-dsym";
				ENABLE_NS_ASSERTIONS = NO;
				ENABLE_STRICT_OBJC_MSGSEND = YES;
				GCC_C_LANGUAGE_STANDARD = gnu11;
				GCC_NO_COMMON_BLOCKS = YES;
				GCC_WARN_64_TO_32_BIT_CONVERSION = YES;
				GCC_WARN_ABOUT_RETURN_TYPE = YES_ERROR;
				GCC_WARN_UNDECLARED_SELECTOR = YES;
				GCC_WARN_UNINITIALIZED_AUTOS = YES_AGGRESSIVE;
				GCC_WARN_UNUSED_FUNCTION = YES;
				GCC_WARN_UNUSED_VARIABLE = YES;
				IPHONEOS_DEPLOYMENT_TARGET = 13.0;
				MTL_ENABLE_DEBUG_INFO = NO;
				MTL_FAST_MATH = YES;
				SDKROOT = iphoneos;
				SWIFT_COMPILATION_MODE = wholemodule;
				SWIFT_OPTIMIZATION_LEVEL = "-O";
				TARGETED_DEVICE_FAMILY = "1,2";
				VALIDATE_PRODUCT = YES;
			};
			name = Release;
		};
		BF6F3F5C26D5066900574CC8 /* Debug */ = {
			isa = XCBuildConfiguration;
			baseConfigurationReference = 5C9C281DA87CDBB18818956F /* Pods-DH Video Lite.debug.xcconfig */;
			buildSettings = {
				ASSETCATALOG_COMPILER_APPICON_NAME = AppIcon;
				ASSETCATALOG_COMPILER_GLOBAL_ACCENT_COLOR_NAME = AccentColor;
				CODE_SIGN_STYLE = Automatic;
				DEVELOPMENT_TEAM = 7T54WZ2884;
				INFOPLIST_FILE = "DH Video Lite/Info.plist";
				LD_RUNPATH_SEARCH_PATHS = (
					"$(inherited)",
					"@executable_path/Frameworks",
				);
				PRODUCT_BUNDLE_IDENTIFIER = "com.hasanaygunoglu.DH-Video-Lite";
				PRODUCT_NAME = "$(TARGET_NAME)";
				SWIFT_VERSION = 5.0;
				TARGETED_DEVICE_FAMILY = "1,2";
			};
			name = Debug;
		};
		BF6F3F5D26D5066900574CC8 /* Release */ = {
			isa = XCBuildConfiguration;
			baseConfigurationReference = 31D5BFF460262283E9819387 /* Pods-DH Video Lite.release.xcconfig */;
			buildSettings = {
				ASSETCATALOG_COMPILER_APPICON_NAME = AppIcon;
				ASSETCATALOG_COMPILER_GLOBAL_ACCENT_COLOR_NAME = AccentColor;
				CODE_SIGN_STYLE = Automatic;
				DEVELOPMENT_TEAM = 7T54WZ2884;
				INFOPLIST_FILE = "DH Video Lite/Info.plist";
				LD_RUNPATH_SEARCH_PATHS = (
					"$(inherited)",
					"@executable_path/Frameworks",
				);
				PRODUCT_BUNDLE_IDENTIFIER = "com.hasanaygunoglu.DH-Video-Lite";
				PRODUCT_NAME = "$(TARGET_NAME)";
				SWIFT_VERSION = 5.0;
				TARGETED_DEVICE_FAMILY = "1,2";
			};
			name = Release;
		};
/* End XCBuildConfiguration section */

/* Begin XCConfigurationList section */
		BF6F3F4226D5066700574CC8 /* Build configuration list for PBXProject "DH Video Lite" */ = {
			isa = XCConfigurationList;
			buildConfigurations = (
				BF6F3F5926D5066900574CC8 /* Debug */,
				BF6F3F5A26D5066900574CC8 /* Release */,
			);
			defaultConfigurationIsVisible = 0;
			defaultConfigurationName = Release;
		};
		BF6F3F5B26D5066900574CC8 /* Build configuration list for PBXNativeTarget "DH Video Lite" */ = {
			isa = XCConfigurationList;
			buildConfigurations = (
				BF6F3F5C26D5066900574CC8 /* Debug */,
				BF6F3F5D26D5066900574CC8 /* Release */,
			);
			defaultConfigurationIsVisible = 0;
			defaultConfigurationName = Release;
		};
/* End XCConfigurationList section */
	};
	rootObject = BF6F3F3F26D5066700574CC8 /* Project object */;
}
